{
  "nodes": {
    "nixpkgs": {
      "locked": {
        "lastModified": 1692620707,
        "narHash": "sha256-rs5+FpasDogU6rp441gxkp18N5zGJVFfscYhS98KzwY=",
        "owner": "NixOS",
        "repo": "nixpkgs",
        "rev": "c5d067d0f23a3412312f036a315bd3e2a8970e9b",
        "type": "github"
      },
      "original": {
        "owner": "NixOS",
        "ref": "master",
        "repo": "nixpkgs",
        "type": "github"
      }
    },
    "root": {
      "inputs": {
        "nixpkgs": "nixpkgs"
      }
    }
  },
  "root": "root",
  "version": 7
}
